<?xml version="1.0" encoding="utf-8"?>
<Project ToolsVersion="4.0" xmlns="http://schemas.microsoft.com/developer/msbuild/2003">
  <ItemGroup>
    <Filter Include="Source Files">
      <UniqueIdentifier>{4FC737F1-C7A5-4376-A066-2A32D752A2FF}</UniqueIdentifier>
      <Extensions>cpp;c;cc;cxx;def;odl;idl;hpj;bat;asm;asmx</Extensions>
    </Filter>
    <Filter Include="Header Files">
      <UniqueIdentifier>{93995380-89BD-4b04-88EB-625FBE52EBFB}</UniqueIdentifier>
      <Extensions>h;hpp;hxx;hm;inl;inc;xsd</Extensions>
    </Filter>
    <Filter Include="Resource Files">
      <UniqueIdentifier>{67DA6AB6-F800-4c08-8B7A-83BB121AAD01}</UniqueIdentifier>
      <Extensions>rc;ico;cur;bmp;dlg;rc2;rct;bin;rgs;gif;jpg;jpeg;jpe;resx;tiff;tif;png;wav;mfcribbon-ms</Extensions>
    </Filter>
  </ItemGroup>
  <ItemGroup>
    <ClCompile Include="BFS.cpp">
      <Filter>Source Files</Filter>
    </ClCompile>
    <ClCompile Include="The cat and the mouse.cpp">
      <Filter>Source Files</Filter>
    </ClCompile>
    <ClCompile Include="Chicago.cpp">
      <Filter>Source Files</Filter>
    </ClCompile>
    <ClCompile Include="you want what filled.cpp">
      <Filter>Source Files</Filter>
    </ClCompile>
    <ClCompile Include="trajan.cpp">
      <Filter>Source Files</Filter>
    </ClCompile>
    <ClCompile Include="MaxFlow.cpp">
      <Filter>Source Files</Filter>
    </ClCompile>
    <ClCompile Include="NetWrok.cpp">
      <Filter>Source Files</Filter>
    </ClCompile>
    <ClCompile Include="commandos_ACC.cpp">
      <Filter>Source Files</Filter>
    </ClCompile>
    <ClCompile Include="Connect the Campus_ACC.cpp">
      <Filter>Source Files</Filter>
    </ClCompile>
    <ClCompile Include="Critical Links_ACC.cpp">
      <Filter>Source Files</Filter>
    </ClCompile>
    <ClCompile Include="Dungeon Master_ACC.cpp">
      <Filter>Source Files</Filter>
    </ClCompile>
    <ClCompile Include="freckles_ACC.cpp">
      <Filter>Source Files</Filter>
    </ClCompile>
    <ClCompile Include="frogger_ACC.cpp">
      <Filter>Source Files</Filter>
    </ClCompile>
    <ClCompile Include="Knight Moves_ACC.cpp">
      <Filter>Source Files</Filter>
    </ClCompile>
    <ClCompile Include="MPI_ACC.cpp">
      <Filter>Source Files</Filter>
    </ClCompile>
    <ClCompile Include="MTOTALF_ACC.cpp">
      <Filter>Source Files</Filter>
    </ClCompile>
    <ClCompile Include="Ordering Tasks_ACC.cpp">
      <Filter>Source Files</Filter>
    </ClCompile>
    <ClCompile Include="Page Hopping_ACC.cpp">
      <Filter>Source Files</Filter>
    </ClCompile>
    <ClCompile Include="Rome_ACC.cpp">
      <Filter>Source Files</Filter>
    </ClCompile>
    <ClCompile Include="Route Redundancy_ACC.cpp">
      <Filter>Source Files</Filter>
    </ClCompile>
    <ClCompile Include="Sending email_ACC.cpp">
      <Filter>Source Files</Filter>
    </ClCompile>
    <ClCompile Include="Wormhole_ACC.cpp">
      <Filter>Source Files</Filter>
    </ClCompile>
    <ClCompile Include="Potholers_ACC.cpp">
      <Filter>Source Files</Filter>
    </ClCompile>
    <ClCompile Include="Dijkstra Dijkstra.cpp">
      <Filter>Source Files</Filter>
    </ClCompile>
    <ClCompile Include="Dungeon of Death.cpp">
      <Filter>Source Files</Filter>
    </ClCompile>
    <ClCompile Include="Gophers_ACC.cpp">
      <Filter>Source Files</Filter>
    </ClCompile>
    <ClCompile Include="Dijkstra implementation.cpp">
      <Filter>Source Files</Filter>
    </ClCompile>
  </ItemGroup>
</Project>