<?xml version="1.0" encoding="utf-8"?>
<Project ToolsVersion="4.0" xmlns="http://schemas.microsoft.com/developer/msbuild/2003">
  <ItemGroup>
    <Filter Include="Source Files">
      <UniqueIdentifier>{4FC737F1-C7A5-4376-A066-2A32D752A2FF}</UniqueIdentifier>
      <Extensions>cpp;c;cc;cxx;def;odl;idl;hpj;bat;asm;asmx</Extensions>
    </Filter>
    <Filter Include="Header Files">
      <UniqueIdentifier>{93995380-89BD-4b04-88EB-625FBE52EBFB}</UniqueIdentifier>
      <Extensions>h;hpp;hxx;hm;inl;inc;xsd</Extensions>
    </Filter>
    <Filter Include="Resource Files">
      <UniqueIdentifier>{67DA6AB6-F800-4c08-8B7A-83BB121AAD01}</UniqueIdentifier>
      <Extensions>rc;ico;cur;bmp;dlg;rc2;rct;bin;rgs;gif;jpg;jpeg;jpe;resx;tiff;tif;png;wav;mfcribbon-ms</Extensions>
    </Filter>
  </ItemGroup>
  <ItemGroup>
    <ClCompile Include="3n+1.cpp">
      <Filter>Source Files</Filter>
    </ClCompile>
    <ClCompile Include="Above average.cpp">
      <Filter>Source Files</Filter>
    </ClCompile>
    <ClCompile Include="ackermann.cpp">
      <Filter>Source Files</Filter>
    </ClCompile>
    <ClCompile Include="Alarm clock.cpp">
      <Filter>Source Files</Filter>
    </ClCompile>
    <ClCompile Include="automatic.cpp">
      <Filter>Source Files</Filter>
    </ClCompile>
    <ClCompile Include="bafana.cpp">
      <Filter>Source Files</Filter>
    </ClCompile>
    <ClCompile Include="big chocolate.cpp">
      <Filter>Source Files</Filter>
    </ClCompile>
    <ClCompile Include="box of bricks.cpp">
      <Filter>Source Files</Filter>
    </ClCompile>
    <ClCompile Include="brute force.cpp">
      <Filter>Source Files</Filter>
    </ClCompile>
    <ClCompile Include="car.cpp">
      <Filter>Source Files</Filter>
    </ClCompile>
    <ClCompile Include="count palindromes.cpp">
      <Filter>Source Files</Filter>
    </ClCompile>
    <ClCompile Include="decimal to binary.cpp">
      <Filter>Source Files</Filter>
    </ClCompile>
    <ClCompile Include="exact sum.cpp">
      <Filter>Source Files</Filter>
    </ClCompile>
    <ClCompile Include="factorial.cpp">
      <Filter>Source Files</Filter>
    </ClCompile>
    <ClCompile Include="fibonacci.cpp">
      <Filter>Source Files</Filter>
    </ClCompile>
    <ClCompile Include="GCD.cpp">
      <Filter>Source Files</Filter>
    </ClCompile>
    <ClCompile Include="grades.cpp">
      <Filter>Source Files</Filter>
    </ClCompile>
    <ClCompile Include="group reverse.cpp">
      <Filter>Source Files</Filter>
    </ClCompile>
    <ClCompile Include="Hashmat.cpp">
      <Filter>Source Files</Filter>
    </ClCompile>
    <ClCompile Include="Havefun with  matrices.cpp">
      <Filter>Source Files</Filter>
    </ClCompile>
    <ClCompile Include="jolly jumper.cpp">
      <Filter>Source Files</Filter>
    </ClCompile>
    <ClCompile Include="lumberjack.cpp">
      <Filter>Source Files</Filter>
    </ClCompile>
    <ClCompile Include="Mario.cpp">
      <Filter>Source Files</Filter>
    </ClCompile>
    <ClCompile Include="Multiple characters.cpp">
      <Filter>Source Files</Filter>
    </ClCompile>
    <ClCompile Include="Number of divisors.cpp">
      <Filter>Source Files</Filter>
    </ClCompile>
    <ClCompile Include="number of words.cpp">
      <Filter>Source Files</Filter>
    </ClCompile>
    <ClCompile Include="Odd sum.cpp">
      <Filter>Source Files</Filter>
    </ClCompile>
    <ClCompile Include="Palindrome.cpp">
      <Filter>Source Files</Filter>
    </ClCompile>
    <ClCompile Include="physics.cpp">
      <Filter>Source Files</Filter>
    </ClCompile>
    <ClCompile Include="Power.cpp">
      <Filter>Source Files</Filter>
    </ClCompile>
    <ClCompile Include="Primality test.cpp">
      <Filter>Source Files</Filter>
    </ClCompile>
    <ClCompile Include="quadrangle.cpp">
      <Filter>Source Files</Filter>
    </ClCompile>
    <ClCompile Include="Queen.cpp">
      <Filter>Source Files</Filter>
    </ClCompile>
    <ClCompile Include="Reverse and add.cpp">
      <Filter>Source Files</Filter>
    </ClCompile>
    <ClCompile Include="Sort.cpp">
      <Filter>Source Files</Filter>
    </ClCompile>
    <ClCompile Include="substitution sypher.cpp">
      <Filter>Source Files</Filter>
    </ClCompile>
    <ClCompile Include="Summing digits.cpp">
      <Filter>Source Files</Filter>
    </ClCompile>
    <ClCompile Include="The Collatz Sequence.cpp">
      <Filter>Source Files</Filter>
    </ClCompile>
    <ClCompile Include="Triangle.cpp">
      <Filter>Source Files</Filter>
    </ClCompile>
    <ClCompile Include="Triangle 2.cpp">
      <Filter>Source Files</Filter>
    </ClCompile>
    <ClCompile Include="Triangle 1.cpp">
      <Filter>Source Files</Filter>
    </ClCompile>
    <ClCompile Include="Triangle again.cpp">
      <Filter>Source Files</Filter>
    </ClCompile>
    <ClCompile Include="Traingle wave.cpp">
      <Filter>Source Files</Filter>
    </ClCompile>
    <ClCompile Include="Where is the marble.cpp">
      <Filter>Source Files</Filter>
    </ClCompile>
    <ClCompile Include="WERTYU.cpp">
      <Filter>Source Files</Filter>
    </ClCompile>
  </ItemGroup>
</Project>