<?xml version="1.0" encoding="utf-8"?>
<Project ToolsVersion="4.0" xmlns="http://schemas.microsoft.com/developer/msbuild/2003">
  <ItemGroup>
    <Filter Include="Source Files">
      <UniqueIdentifier>{4FC737F1-C7A5-4376-A066-2A32D752A2FF}</UniqueIdentifier>
      <Extensions>cpp;c;cc;cxx;def;odl;idl;hpj;bat;asm;asmx</Extensions>
    </Filter>
    <Filter Include="Header Files">
      <UniqueIdentifier>{93995380-89BD-4b04-88EB-625FBE52EBFB}</UniqueIdentifier>
      <Extensions>h;hpp;hxx;hm;inl;inc;xsd</Extensions>
    </Filter>
    <Filter Include="Resource Files">
      <UniqueIdentifier>{67DA6AB6-F800-4c08-8B7A-83BB121AAD01}</UniqueIdentifier>
      <Extensions>rc;ico;cur;bmp;dlg;rc2;rct;bin;rgs;gif;jpg;jpeg;jpe;resx;tiff;tif;png;wav;mfcribbon-ms</Extensions>
    </Filter>
  </ItemGroup>
  <ItemGroup>
    <ClCompile Include="lucky.cpp">
      <Filter>Source Files</Filter>
    </ClCompile>
    <ClCompile Include="lucky probability.cpp">
      <Filter>Source Files</Filter>
    </ClCompile>
    <ClCompile Include="Distinct subsequences.cpp">
      <Filter>Source Files</Filter>
    </ClCompile>
    <ClCompile Include="Mysterious Present.cpp">
      <Filter>Source Files</Filter>
    </ClCompile>
    <ClCompile Include="Alice and bob.cpp">
      <Filter>Source Files</Filter>
    </ClCompile>
    <ClCompile Include="coach.cpp">
      <Filter>Source Files</Filter>
    </ClCompile>
    <ClCompile Include="Before an exam.cpp">
      <Filter>Source Files</Filter>
    </ClCompile>
    <ClCompile Include="Another Problem on Strings.cpp">
      <Filter>Source Files</Filter>
    </ClCompile>
    <ClCompile Include="basketball.cpp">
      <Filter>Source Files</Filter>
    </ClCompile>
    <ClCompile Include="Catcus.cpp">
      <Filter>Source Files</Filter>
    </ClCompile>
    <ClCompile Include="Pocket book.cpp">
      <Filter>Source Files</Filter>
    </ClCompile>
    <ClCompile Include="Little elephant.cpp">
      <Filter>Source Files</Filter>
    </ClCompile>
    <ClCompile Include="Boxes.cpp">
      <Filter>Source Files</Filter>
    </ClCompile>
    <ClCompile Include="Lucky Sorting.cpp">
      <Filter>Source Files</Filter>
    </ClCompile>
    <ClCompile Include="Army of mages.cpp">
      <Filter>Source Files</Filter>
    </ClCompile>
    <ClCompile Include="Flooring tiles.cpp">
      <Filter>Source Files</Filter>
    </ClCompile>
    <ClCompile Include="Fish weight.cpp">
      <Filter>Source Files</Filter>
    </ClCompile>
    <ClCompile Include="Beautiful numbers.cpp">
      <Filter>Source Files</Filter>
    </ClCompile>
    <ClCompile Include="Towers.cpp">
      <Filter>Source Files</Filter>
    </ClCompile>
    <ClCompile Include="Lucky subsequence.cpp">
      <Filter>Source Files</Filter>
    </ClCompile>
    <ClCompile Include="Points.cpp">
      <Filter>Source Files</Filter>
    </ClCompile>
    <ClCompile Include="stones.cpp">
      <Filter>Source Files</Filter>
    </ClCompile>
    <ClCompile Include="StonesII.cpp">
      <Filter>Source Files</Filter>
    </ClCompile>
    <ClCompile Include="Middle number.cpp">
      <Filter>Source Files</Filter>
    </ClCompile>
    <ClCompile Include="The longest athletic track.cpp">
      <Filter>Source Files</Filter>
    </ClCompile>
    <ClCompile Include="Shut the box.cpp">
      <Filter>Source Files</Filter>
    </ClCompile>
    <ClCompile Include="Goblin wars.cpp">
      <Filter>Source Files</Filter>
    </ClCompile>
    <ClCompile Include="SokoBan.cpp">
      <Filter>Source Files</Filter>
    </ClCompile>
    <ClCompile Include="Robot navigation.cpp">
      <Filter>Source Files</Filter>
    </ClCompile>
    <ClCompile Include="Robbing Gringotts.cpp">
      <Filter>Source Files</Filter>
    </ClCompile>
    <ClCompile Include="Counting subsequences.cpp">
      <Filter>Source Files</Filter>
    </ClCompile>
    <ClCompile Include="Buy Car.cpp">
      <Filter>Source Files</Filter>
    </ClCompile>
    <ClCompile Include="Theta puzzle.cpp">
      <Filter>Source Files</Filter>
    </ClCompile>
    <ClCompile Include="Modular exponentiation.cpp">
      <Filter>Source Files</Filter>
    </ClCompile>
    <ClCompile Include="coloring.cpp">
      <Filter>Source Files</Filter>
    </ClCompile>
    <ClCompile Include="Factorial_base.cpp">
      <Filter>Source Files</Filter>
    </ClCompile>
    <ClCompile Include="Saving the princess.cpp">
      <Filter>Source Files</Filter>
    </ClCompile>
    <ClCompile Include="Bits and Pieces.cpp">
      <Filter>Source Files</Filter>
    </ClCompile>
    <ClCompile Include="1.cpp">
      <Filter>Source Files</Filter>
    </ClCompile>
    <ClCompile Include="Road netwrok.cpp">
      <Filter>Source Files</Filter>
    </ClCompile>
    <ClCompile Include="2.cpp">
      <Filter>Source Files</Filter>
    </ClCompile>
  </ItemGroup>
  <ItemGroup>
    <Text Include="1.txt" />
    <Text Include="Sort using stack.txt" />
  </ItemGroup>
</Project>